
Microsoft Visual Studio Solution File, Format Version 12.00
# Visual Studio Version 17
VisualStudioVersion = 17.14.36408.4 d17.14
MinimumVisualStudioVersion = 10.0.40219.1
Project("{FAE04EC0-301F-11D3-BF4B-00C04F79EFBC}") = "DS3_U1_MiPrimeraGUI", "DS3_U1_MiPrimeraGUI\DS3_U1_MiPrimeraGUI.csproj", "{41591764-1817-4C5B-8749-13126E3BFFF4}"
EndProject
Global
	GlobalSection(SolutionConfigurationPlatforms) = preSolution
		Debug|Any CPU = Debug|Any CPU
		Release|Any CPU = Release|Any CPU
	EndGlobalSection
	GlobalSection(ProjectConfigurationPlatforms) = postSolution
		{41591764-1817-4C5B-8749-13126E3BFFF4}.Debug|Any CPU.ActiveCfg = Debug|Any CPU
		{41591764-1817-4C5B-8749-13126E3BFFF4}.Debug|Any CPU.Build.0 = Debug|Any CPU
		{41591764-1817-4C5B-8749-13126E3BFFF4}.Release|Any CPU.ActiveCfg = Release|Any CPU
		{41591764-1817-4C5B-8749-13126E3BFFF4}.Release|Any CPU.Build.0 = Release|Any CPU
	EndGlobalSection
	GlobalSection(SolutionProperties) = preSolution
		HideSolutionNode = FALSE
	EndGlobalSection
	GlobalSection(ExtensibilityGlobals) = postSolution
		SolutionGuid = {AEFAD216-9A3D-4095-AE0A-3A700A1516B1}
	EndGlobalSection
EndGlobal
